# This file is automatically @generated by Poetry 1.8.0 and should not be changed by hand.

[[package]]
name = "peewee"
version = "3.18.1"
description = "a little orm"
optional = false
python-versions = "*"
files = [
    {file = "peewee-3.18.1.tar.gz", hash = "sha256:a76a694b3b3012ce22f00d51fd83e55bf80b595275a90ed62cd36eb45496cf1d"},
]

[metadata]
lock-version = "2.0"
python-versions = "^3.12"
content-hash = "12aa158602836d5593a5fec56ea7e31c2162b93ab1065572573e0f61f3317e7d"
